symfony v2.0.10
twig v1.6.0
monolog 1.0.2
doctrine-common 2.1.4
doctrine 2.1.6
swiftmailer v4.1.5
assetic v1.0.2
twig-extensions 446d870272cd87a720e95242eade38a2acf56eaa
metadata 1.0.0
SensioFrameworkExtraBundle cb61b92ed55241d93ed9726bc3f5f47c7d2ce8fe
JMSSecurityExtraBundle e752f888c51425f71382c056961f10f2be642102
SensioDistributionBundle 20b66a408084ad8752f98e50f10533f5245310bf
SensioGeneratorBundle b1ccb78c1743f30817b0fce9bb5c6baff6ed7bf8
AsseticBundle v1.0.1
PropelBundle 866a6cbb3960dd766ab28398ae8fa2414dd96696
phing 1fd92c78f14a02b3e1cd9c59c7a08b4cab532d33
propel 1fd5b18df0223b2ec1ee801d88ad0e9a2ac19871
SncRedisBundle 9791e6b78e331f6b0c81fcb87b45e854149723f0
predis ca8ba35fb51a1e6906a823f35437874955e7b27a
GeocodableBehavior ee8685bbe11531f176e65484ece30de244de2496
Geocoder 1.0.3
SimpleThingsFormExtraBundle 72c06df5966feffa7e17e09598551181a76b9b96
Smesg v1.0
ExposeTranslationBundle 6f8f52144c34fe8916aa40b5fc73e15eecbf4aa2