symfony v2.0.10
twig v1.6.0
monolog 1.0.2
doctrine-common 2.1.4
doctrine 2.1.6
swiftmailer v4.1.5
assetic v1.0.2
twig-extensions 1dfff8e793f50f651c4f74f796c2c68a4aee3147
metadata 1.0.0
SensioFrameworkExtraBundle 638f545b7020b9e9d5944a7e3167f60ed848250d
JMSSecurityExtraBundle 541a4c242328dc04b99540c75346cc74a7c0cfb5
SensioDistributionBundle 20b66a408084ad8752f98e50f10533f5245310bf
SensioGeneratorBundle dd37fc4487bc09ac01bdcf89e0ff4ee4484b7fab
AsseticBundle v1.0.1
PropelBundle c4459e665e606fae71c856ab19b28bd20716498f
phing 1fd92c78f14a02b3e1cd9c59c7a08b4cab532d33
propel 9d0251f852b0941024a8998edc019602bc3a83fe
SncRedisBundle 793389efc56348421a52a5a104b545bd40d243d7
predis 86bf223ec04033e59f4e15234c1e3d3d126188f9
GeocodableBehavior 6ac06fadf26aed0fa400132334e2fb98f9ed13c7
Geocoder 435027939dc077852a595b78bdb8ff285ab50d8e
SimpleThingsFormExtraBundle 72c06df5966feffa7e17e09598551181a76b9b96